
Microsoft Visual Studio Solution File, Format Version 12.00
# Visual Studio Version 16
VisualStudioVersion = 16.0.31515.178
MinimumVisualStudioVersion = 10.0.40219.1
Project("{8BC9CEB8-8B4A-11D0-8D11-00A0C91BC942}") = "OOP_TRAINING", "OOP_TRAINING\OOP_TRAINING.vcxproj", "{59F358D9-D3BF-4493-829F-9BA69443243C}"
EndProject
Project("{8BC9CEB8-8B4A-11D0-8D11-00A0C91BC942}") = "WriteFactorial", "WriteFactorial\WriteFactorial.vcxproj", "{D3DE2A9E-CB6A-46BD-AE5D-FD45D584D4BE}"
EndProject
Project("{8BC9CEB8-8B4A-11D0-8D11-00A0C91BC942}") = "WriteSwap", "WriteSwap\WriteSwap.vcxproj", "{B025351D-7999-4E75-8A91-7F1812A9BF01}"
EndProject
Project("{8BC9CEB8-8B4A-11D0-8D11-00A0C91BC942}") = "StatePatternDemo", "StatePatternDemo\StatePatternDemo.vcxproj", "{7BEE2F0E-60CD-42C7-938E-FB80DA42BA8D}"
EndProject
Project("{8BC9CEB8-8B4A-11D0-8D11-00A0C91BC942}") = "GameStarter", "GameStarter\GameStarter.vcxproj", "{534FD078-4571-4BA7-99BD-0A105FE558B0}"
EndProject
Project("{8BC9CEB8-8B4A-11D0-8D11-00A0C91BC942}") = "TrainingFramework", "E:\Source code\MiniGameStarter\TrainingFramework\TrainingFramework.vcxproj", "{FC024EC8-32F4-4657-A2CB-14D2B3A931F8}"
EndProject
Project("{8BC9CEB8-8B4A-11D0-8D11-00A0C91BC942}") = "Utilities", "E:\Source code\MiniGameStarter\Utilities\Utilities.vcxproj", "{0D44529E-F7DD-4454-8EAD-9AFD857F53B4}"
EndProject
Project("{2150E333-8FDC-42A3-9474-1A3956D46DE8}") = "lesson5", "lesson5", "{973F2654-5CB3-48CA-A2F2-8A2E58C175F4}"
EndProject
Global
	GlobalSection(SolutionConfigurationPlatforms) = preSolution
		Debug|x64 = Debug|x64
		Debug|x86 = Debug|x86
		Debug-AMD|x64 = Debug-AMD|x64
		Debug-AMD|x86 = Debug-AMD|x86
		Debug-Angle|x64 = Debug-Angle|x64
		Debug-Angle|x86 = Debug-Angle|x86
		Debug-ATI|x64 = Debug-ATI|x64
		Debug-ATI|x86 = Debug-ATI|x86
		Debug-Nvidia|x64 = Debug-Nvidia|x64
		Debug-Nvidia|x86 = Debug-Nvidia|x86
		Release|x64 = Release|x64
		Release|x86 = Release|x86
		Release-Angle|x64 = Release-Angle|x64
		Release-Angle|x86 = Release-Angle|x86
		Release-ATI|x64 = Release-ATI|x64
		Release-ATI|x86 = Release-ATI|x86
		Release-Nvidia|x64 = Release-Nvidia|x64
		Release-Nvidia|x86 = Release-Nvidia|x86
	EndGlobalSection
	GlobalSection(ProjectConfigurationPlatforms) = postSolution
		{59F358D9-D3BF-4493-829F-9BA69443243C}.Debug|x64.ActiveCfg = Debug|x64
		{59F358D9-D3BF-4493-829F-9BA69443243C}.Debug|x64.Build.0 = Debug|x64
		{59F358D9-D3BF-4493-829F-9BA69443243C}.Debug|x86.ActiveCfg = Debug|Win32
		{59F358D9-D3BF-4493-829F-9BA69443243C}.Debug|x86.Build.0 = Debug|Win32
		{59F358D9-D3BF-4493-829F-9BA69443243C}.Debug-AMD|x64.ActiveCfg = Debug|x64
		{59F358D9-D3BF-4493-829F-9BA69443243C}.Debug-AMD|x64.Build.0 = Debug|x64
		{59F358D9-D3BF-4493-829F-9BA69443243C}.Debug-AMD|x86.ActiveCfg = Debug|Win32
		{59F358D9-D3BF-4493-829F-9BA69443243C}.Debug-AMD|x86.Build.0 = Debug|Win32
		{59F358D9-D3BF-4493-829F-9BA69443243C}.Debug-Angle|x64.ActiveCfg = Debug|x64
		{59F358D9-D3BF-4493-829F-9BA69443243C}.Debug-Angle|x64.Build.0 = Debug|x64
		{59F358D9-D3BF-4493-829F-9BA69443243C}.Debug-Angle|x86.ActiveCfg = Debug|Win32
		{59F358D9-D3BF-4493-829F-9BA69443243C}.Debug-Angle|x86.Build.0 = Debug|Win32
		{59F358D9-D3BF-4493-829F-9BA69443243C}.Debug-ATI|x64.ActiveCfg = Debug|x64
		{59F358D9-D3BF-4493-829F-9BA69443243C}.Debug-ATI|x64.Build.0 = Debug|x64
		{59F358D9-D3BF-4493-829F-9BA69443243C}.Debug-ATI|x86.ActiveCfg = Debug|Win32
		{59F358D9-D3BF-4493-829F-9BA69443243C}.Debug-ATI|x86.Build.0 = Debug|Win32
		{59F358D9-D3BF-4493-829F-9BA69443243C}.Debug-Nvidia|x64.ActiveCfg = Debug|x64
		{59F358D9-D3BF-4493-829F-9BA69443243C}.Debug-Nvidia|x64.Build.0 = Debug|x64
		{59F358D9-D3BF-4493-829F-9BA69443243C}.Debug-Nvidia|x86.ActiveCfg = Debug|Win32
		{59F358D9-D3BF-4493-829F-9BA69443243C}.Debug-Nvidia|x86.Build.0 = Debug|Win32
		{59F358D9-D3BF-4493-829F-9BA69443243C}.Release|x64.ActiveCfg = Release|x64
		{59F358D9-D3BF-4493-829F-9BA69443243C}.Release|x64.Build.0 = Release|x64
		{59F358D9-D3BF-4493-829F-9BA69443243C}.Release|x86.ActiveCfg = Release|Win32
		{59F358D9-D3BF-4493-829F-9BA69443243C}.Release|x86.Build.0 = Release|Win32
		{59F358D9-D3BF-4493-829F-9BA69443243C}.Release-Angle|x64.ActiveCfg = Release|x64
		{59F358D9-D3BF-4493-829F-9BA69443243C}.Release-Angle|x64.Build.0 = Release|x64
		{59F358D9-D3BF-4493-829F-9BA69443243C}.Release-Angle|x86.ActiveCfg = Release|Win32
		{59F358D9-D3BF-4493-829F-9BA69443243C}.Release-Angle|x86.Build.0 = Release|Win32
		{59F358D9-D3BF-4493-829F-9BA69443243C}.Release-ATI|x64.ActiveCfg = Release|x64
		{59F358D9-D3BF-4493-829F-9BA69443243C}.Release-ATI|x64.Build.0 = Release|x64
		{59F358D9-D3BF-4493-829F-9BA69443243C}.Release-ATI|x86.ActiveCfg = Release|Win32
		{59F358D9-D3BF-4493-829F-9BA69443243C}.Release-ATI|x86.Build.0 = Release|Win32
		{59F358D9-D3BF-4493-829F-9BA69443243C}.Release-Nvidia|x64.ActiveCfg = Release|x64
		{59F358D9-D3BF-4493-829F-9BA69443243C}.Release-Nvidia|x64.Build.0 = Release|x64
		{59F358D9-D3BF-4493-829F-9BA69443243C}.Release-Nvidia|x86.ActiveCfg = Release|Win32
		{59F358D9-D3BF-4493-829F-9BA69443243C}.Release-Nvidia|x86.Build.0 = Release|Win32
		{D3DE2A9E-CB6A-46BD-AE5D-FD45D584D4BE}.Debug|x64.ActiveCfg = Debug|x64
		{D3DE2A9E-CB6A-46BD-AE5D-FD45D584D4BE}.Debug|x64.Build.0 = Debug|x64
		{D3DE2A9E-CB6A-46BD-AE5D-FD45D584D4BE}.Debug|x86.ActiveCfg = Debug|Win32
		{D3DE2A9E-CB6A-46BD-AE5D-FD45D584D4BE}.Debug|x86.Build.0 = Debug|Win32
		{D3DE2A9E-CB6A-46BD-AE5D-FD45D584D4BE}.Debug-AMD|x64.ActiveCfg = Debug|x64
		{D3DE2A9E-CB6A-46BD-AE5D-FD45D584D4BE}.Debug-AMD|x64.Build.0 = Debug|x64
		{D3DE2A9E-CB6A-46BD-AE5D-FD45D584D4BE}.Debug-AMD|x86.ActiveCfg = Debug|Win32
		{D3DE2A9E-CB6A-46BD-AE5D-FD45D584D4BE}.Debug-AMD|x86.Build.0 = Debug|Win32
		{D3DE2A9E-CB6A-46BD-AE5D-FD45D584D4BE}.Debug-Angle|x64.ActiveCfg = Debug|x64
		{D3DE2A9E-CB6A-46BD-AE5D-FD45D584D4BE}.Debug-Angle|x64.Build.0 = Debug|x64
		{D3DE2A9E-CB6A-46BD-AE5D-FD45D584D4BE}.Debug-Angle|x86.ActiveCfg = Debug|Win32
		{D3DE2A9E-CB6A-46BD-AE5D-FD45D584D4BE}.Debug-Angle|x86.Build.0 = Debug|Win32
		{D3DE2A9E-CB6A-46BD-AE5D-FD45D584D4BE}.Debug-ATI|x64.ActiveCfg = Debug|x64
		{D3DE2A9E-CB6A-46BD-AE5D-FD45D584D4BE}.Debug-ATI|x64.Build.0 = Debug|x64
		{D3DE2A9E-CB6A-46BD-AE5D-FD45D584D4BE}.Debug-ATI|x86.ActiveCfg = Debug|Win32
		{D3DE2A9E-CB6A-46BD-AE5D-FD45D584D4BE}.Debug-ATI|x86.Build.0 = Debug|Win32
		{D3DE2A9E-CB6A-46BD-AE5D-FD45D584D4BE}.Debug-Nvidia|x64.ActiveCfg = Debug|x64
		{D3DE2A9E-CB6A-46BD-AE5D-FD45D584D4BE}.Debug-Nvidia|x64.Build.0 = Debug|x64
		{D3DE2A9E-CB6A-46BD-AE5D-FD45D584D4BE}.Debug-Nvidia|x86.ActiveCfg = Debug|Win32
		{D3DE2A9E-CB6A-46BD-AE5D-FD45D584D4BE}.Debug-Nvidia|x86.Build.0 = Debug|Win32
		{D3DE2A9E-CB6A-46BD-AE5D-FD45D584D4BE}.Release|x64.ActiveCfg = Release|x64
		{D3DE2A9E-CB6A-46BD-AE5D-FD45D584D4BE}.Release|x64.Build.0 = Release|x64
		{D3DE2A9E-CB6A-46BD-AE5D-FD45D584D4BE}.Release|x86.ActiveCfg = Release|Win32
		{D3DE2A9E-CB6A-46BD-AE5D-FD45D584D4BE}.Release|x86.Build.0 = Release|Win32
		{D3DE2A9E-CB6A-46BD-AE5D-FD45D584D4BE}.Release-Angle|x64.ActiveCfg = Release|x64
		{D3DE2A9E-CB6A-46BD-AE5D-FD45D584D4BE}.Release-Angle|x64.Build.0 = Release|x64
		{D3DE2A9E-CB6A-46BD-AE5D-FD45D584D4BE}.Release-Angle|x86.ActiveCfg = Release|Win32
		{D3DE2A9E-CB6A-46BD-AE5D-FD45D584D4BE}.Release-Angle|x86.Build.0 = Release|Win32
		{D3DE2A9E-CB6A-46BD-AE5D-FD45D584D4BE}.Release-ATI|x64.ActiveCfg = Release|x64
		{D3DE2A9E-CB6A-46BD-AE5D-FD45D584D4BE}.Release-ATI|x64.Build.0 = Release|x64
		{D3DE2A9E-CB6A-46BD-AE5D-FD45D584D4BE}.Release-ATI|x86.ActiveCfg = Release|Win32
		{D3DE2A9E-CB6A-46BD-AE5D-FD45D584D4BE}.Release-ATI|x86.Build.0 = Release|Win32
		{D3DE2A9E-CB6A-46BD-AE5D-FD45D584D4BE}.Release-Nvidia|x64.ActiveCfg = Release|x64
		{D3DE2A9E-CB6A-46BD-AE5D-FD45D584D4BE}.Release-Nvidia|x64.Build.0 = Release|x64
		{D3DE2A9E-CB6A-46BD-AE5D-FD45D584D4BE}.Release-Nvidia|x86.ActiveCfg = Release|Win32
		{D3DE2A9E-CB6A-46BD-AE5D-FD45D584D4BE}.Release-Nvidia|x86.Build.0 = Release|Win32
		{B025351D-7999-4E75-8A91-7F1812A9BF01}.Debug|x64.ActiveCfg = Debug|x64
		{B025351D-7999-4E75-8A91-7F1812A9BF01}.Debug|x64.Build.0 = Debug|x64
		{B025351D-7999-4E75-8A91-7F1812A9BF01}.Debug|x86.ActiveCfg = Debug|Win32
		{B025351D-7999-4E75-8A91-7F1812A9BF01}.Debug|x86.Build.0 = Debug|Win32
		{B025351D-7999-4E75-8A91-7F1812A9BF01}.Debug-AMD|x64.ActiveCfg = Debug|x64
		{B025351D-7999-4E75-8A91-7F1812A9BF01}.Debug-AMD|x64.Build.0 = Debug|x64
		{B025351D-7999-4E75-8A91-7F1812A9BF01}.Debug-AMD|x86.ActiveCfg = Debug|Win32
		{B025351D-7999-4E75-8A91-7F1812A9BF01}.Debug-AMD|x86.Build.0 = Debug|Win32
		{B025351D-7999-4E75-8A91-7F1812A9BF01}.Debug-Angle|x64.ActiveCfg = Debug|x64
		{B025351D-7999-4E75-8A91-7F1812A9BF01}.Debug-Angle|x64.Build.0 = Debug|x64
		{B025351D-7999-4E75-8A91-7F1812A9BF01}.Debug-Angle|x86.ActiveCfg = Debug|Win32
		{B025351D-7999-4E75-8A91-7F1812A9BF01}.Debug-Angle|x86.Build.0 = Debug|Win32
		{B025351D-7999-4E75-8A91-7F1812A9BF01}.Debug-ATI|x64.ActiveCfg = Debug|x64
		{B025351D-7999-4E75-8A91-7F1812A9BF01}.Debug-ATI|x64.Build.0 = Debug|x64
		{B025351D-7999-4E75-8A91-7F1812A9BF01}.Debug-ATI|x86.ActiveCfg = Debug|Win32
		{B025351D-7999-4E75-8A91-7F1812A9BF01}.Debug-ATI|x86.Build.0 = Debug|Win32
		{B025351D-7999-4E75-8A91-7F1812A9BF01}.Debug-Nvidia|x64.ActiveCfg = Debug|x64
		{B025351D-7999-4E75-8A91-7F1812A9BF01}.Debug-Nvidia|x64.Build.0 = Debug|x64
		{B025351D-7999-4E75-8A91-7F1812A9BF01}.Debug-Nvidia|x86.ActiveCfg = Debug|Win32
		{B025351D-7999-4E75-8A91-7F1812A9BF01}.Debug-Nvidia|x86.Build.0 = Debug|Win32
		{B025351D-7999-4E75-8A91-7F1812A9BF01}.Release|x64.ActiveCfg = Release|x64
		{B025351D-7999-4E75-8A91-7F1812A9BF01}.Release|x64.Build.0 = Release|x64
		{B025351D-7999-4E75-8A91-7F1812A9BF01}.Release|x86.ActiveCfg = Release|Win32
		{B025351D-7999-4E75-8A91-7F1812A9BF01}.Release|x86.Build.0 = Release|Win32
		{B025351D-7999-4E75-8A91-7F1812A9BF01}.Release-Angle|x64.ActiveCfg = Release|x64
		{B025351D-7999-4E75-8A91-7F1812A9BF01}.Release-Angle|x64.Build.0 = Release|x64
		{B025351D-7999-4E75-8A91-7F1812A9BF01}.Release-Angle|x86.ActiveCfg = Release|Win32
		{B025351D-7999-4E75-8A91-7F1812A9BF01}.Release-Angle|x86.Build.0 = Release|Win32
		{B025351D-7999-4E75-8A91-7F1812A9BF01}.Release-ATI|x64.ActiveCfg = Release|x64
		{B025351D-7999-4E75-8A91-7F1812A9BF01}.Release-ATI|x64.Build.0 = Release|x64
		{B025351D-7999-4E75-8A91-7F1812A9BF01}.Release-ATI|x86.ActiveCfg = Release|Win32
		{B025351D-7999-4E75-8A91-7F1812A9BF01}.Release-ATI|x86.Build.0 = Release|Win32
		{B025351D-7999-4E75-8A91-7F1812A9BF01}.Release-Nvidia|x64.ActiveCfg = Release|x64
		{B025351D-7999-4E75-8A91-7F1812A9BF01}.Release-Nvidia|x64.Build.0 = Release|x64
		{B025351D-7999-4E75-8A91-7F1812A9BF01}.Release-Nvidia|x86.ActiveCfg = Release|Win32
		{B025351D-7999-4E75-8A91-7F1812A9BF01}.Release-Nvidia|x86.Build.0 = Release|Win32
		{7BEE2F0E-60CD-42C7-938E-FB80DA42BA8D}.Debug|x64.ActiveCfg = Debug|x64
		{7BEE2F0E-60CD-42C7-938E-FB80DA42BA8D}.Debug|x64.Build.0 = Debug|x64
		{7BEE2F0E-60CD-42C7-938E-FB80DA42BA8D}.Debug|x86.ActiveCfg = Debug|Win32
		{7BEE2F0E-60CD-42C7-938E-FB80DA42BA8D}.Debug|x86.Build.0 = Debug|Win32
		{7BEE2F0E-60CD-42C7-938E-FB80DA42BA8D}.Debug-AMD|x64.ActiveCfg = Debug|x64
		{7BEE2F0E-60CD-42C7-938E-FB80DA42BA8D}.Debug-AMD|x64.Build.0 = Debug|x64
		{7BEE2F0E-60CD-42C7-938E-FB80DA42BA8D}.Debug-AMD|x86.ActiveCfg = Debug|Win32
		{7BEE2F0E-60CD-42C7-938E-FB80DA42BA8D}.Debug-AMD|x86.Build.0 = Debug|Win32
		{7BEE2F0E-60CD-42C7-938E-FB80DA42BA8D}.Debug-Angle|x64.ActiveCfg = Debug|x64
		{7BEE2F0E-60CD-42C7-938E-FB80DA42BA8D}.Debug-Angle|x64.Build.0 = Debug|x64
		{7BEE2F0E-60CD-42C7-938E-FB80DA42BA8D}.Debug-Angle|x86.ActiveCfg = Debug|Win32
		{7BEE2F0E-60CD-42C7-938E-FB80DA42BA8D}.Debug-Angle|x86.Build.0 = Debug|Win32
		{7BEE2F0E-60CD-42C7-938E-FB80DA42BA8D}.Debug-ATI|x64.ActiveCfg = Debug|x64
		{7BEE2F0E-60CD-42C7-938E-FB80DA42BA8D}.Debug-ATI|x64.Build.0 = Debug|x64
		{7BEE2F0E-60CD-42C7-938E-FB80DA42BA8D}.Debug-ATI|x86.ActiveCfg = Debug|Win32
		{7BEE2F0E-60CD-42C7-938E-FB80DA42BA8D}.Debug-ATI|x86.Build.0 = Debug|Win32
		{7BEE2F0E-60CD-42C7-938E-FB80DA42BA8D}.Debug-Nvidia|x64.ActiveCfg = Debug|x64
		{7BEE2F0E-60CD-42C7-938E-FB80DA42BA8D}.Debug-Nvidia|x64.Build.0 = Debug|x64
		{7BEE2F0E-60CD-42C7-938E-FB80DA42BA8D}.Debug-Nvidia|x86.ActiveCfg = Debug|Win32
		{7BEE2F0E-60CD-42C7-938E-FB80DA42BA8D}.Debug-Nvidia|x86.Build.0 = Debug|Win32
		{7BEE2F0E-60CD-42C7-938E-FB80DA42BA8D}.Release|x64.ActiveCfg = Release|x64
		{7BEE2F0E-60CD-42C7-938E-FB80DA42BA8D}.Release|x64.Build.0 = Release|x64
		{7BEE2F0E-60CD-42C7-938E-FB80DA42BA8D}.Release|x86.ActiveCfg = Release|Win32
		{7BEE2F0E-60CD-42C7-938E-FB80DA42BA8D}.Release|x86.Build.0 = Release|Win32
		{7BEE2F0E-60CD-42C7-938E-FB80DA42BA8D}.Release-Angle|x64.ActiveCfg = Release|x64
		{7BEE2F0E-60CD-42C7-938E-FB80DA42BA8D}.Release-Angle|x64.Build.0 = Release|x64
		{7BEE2F0E-60CD-42C7-938E-FB80DA42BA8D}.Release-Angle|x86.ActiveCfg = Release|Win32
		{7BEE2F0E-60CD-42C7-938E-FB80DA42BA8D}.Release-Angle|x86.Build.0 = Release|Win32
		{7BEE2F0E-60CD-42C7-938E-FB80DA42BA8D}.Release-ATI|x64.ActiveCfg = Release|x64
		{7BEE2F0E-60CD-42C7-938E-FB80DA42BA8D}.Release-ATI|x64.Build.0 = Release|x64
		{7BEE2F0E-60CD-42C7-938E-FB80DA42BA8D}.Release-ATI|x86.ActiveCfg = Release|Win32
		{7BEE2F0E-60CD-42C7-938E-FB80DA42BA8D}.Release-ATI|x86.Build.0 = Release|Win32
		{7BEE2F0E-60CD-42C7-938E-FB80DA42BA8D}.Release-Nvidia|x64.ActiveCfg = Release|x64
		{7BEE2F0E-60CD-42C7-938E-FB80DA42BA8D}.Release-Nvidia|x64.Build.0 = Release|x64
		{7BEE2F0E-60CD-42C7-938E-FB80DA42BA8D}.Release-Nvidia|x86.ActiveCfg = Release|Win32
		{7BEE2F0E-60CD-42C7-938E-FB80DA42BA8D}.Release-Nvidia|x86.Build.0 = Release|Win32
		{534FD078-4571-4BA7-99BD-0A105FE558B0}.Debug|x64.ActiveCfg = Debug|x64
		{534FD078-4571-4BA7-99BD-0A105FE558B0}.Debug|x64.Build.0 = Debug|x64
		{534FD078-4571-4BA7-99BD-0A105FE558B0}.Debug|x86.ActiveCfg = Debug|Win32
		{534FD078-4571-4BA7-99BD-0A105FE558B0}.Debug|x86.Build.0 = Debug|Win32
		{534FD078-4571-4BA7-99BD-0A105FE558B0}.Debug-AMD|x64.ActiveCfg = Debug|x64
		{534FD078-4571-4BA7-99BD-0A105FE558B0}.Debug-AMD|x64.Build.0 = Debug|x64
		{534FD078-4571-4BA7-99BD-0A105FE558B0}.Debug-AMD|x86.ActiveCfg = Debug|Win32
		{534FD078-4571-4BA7-99BD-0A105FE558B0}.Debug-AMD|x86.Build.0 = Debug|Win32
		{534FD078-4571-4BA7-99BD-0A105FE558B0}.Debug-Angle|x64.ActiveCfg = Debug|x64
		{534FD078-4571-4BA7-99BD-0A105FE558B0}.Debug-Angle|x64.Build.0 = Debug|x64
		{534FD078-4571-4BA7-99BD-0A105FE558B0}.Debug-Angle|x86.ActiveCfg = Debug|Win32
		{534FD078-4571-4BA7-99BD-0A105FE558B0}.Debug-Angle|x86.Build.0 = Debug|Win32
		{534FD078-4571-4BA7-99BD-0A105FE558B0}.Debug-ATI|x64.ActiveCfg = Debug|x64
		{534FD078-4571-4BA7-99BD-0A105FE558B0}.Debug-ATI|x64.Build.0 = Debug|x64
		{534FD078-4571-4BA7-99BD-0A105FE558B0}.Debug-ATI|x86.ActiveCfg = Debug|Win32
		{534FD078-4571-4BA7-99BD-0A105FE558B0}.Debug-ATI|x86.Build.0 = Debug|Win32
		{534FD078-4571-4BA7-99BD-0A105FE558B0}.Debug-Nvidia|x64.ActiveCfg = Debug|x64
		{534FD078-4571-4BA7-99BD-0A105FE558B0}.Debug-Nvidia|x64.Build.0 = Debug|x64
		{534FD078-4571-4BA7-99BD-0A105FE558B0}.Debug-Nvidia|x86.ActiveCfg = Debug|Win32
		{534FD078-4571-4BA7-99BD-0A105FE558B0}.Debug-Nvidia|x86.Build.0 = Debug|Win32
		{534FD078-4571-4BA7-99BD-0A105FE558B0}.Release|x64.ActiveCfg = Release|x64
		{534FD078-4571-4BA7-99BD-0A105FE558B0}.Release|x64.Build.0 = Release|x64
		{534FD078-4571-4BA7-99BD-0A105FE558B0}.Release|x86.ActiveCfg = Release|Win32
		{534FD078-4571-4BA7-99BD-0A105FE558B0}.Release|x86.Build.0 = Release|Win32
		{534FD078-4571-4BA7-99BD-0A105FE558B0}.Release-Angle|x64.ActiveCfg = Release|x64
		{534FD078-4571-4BA7-99BD-0A105FE558B0}.Release-Angle|x64.Build.0 = Release|x64
		{534FD078-4571-4BA7-99BD-0A105FE558B0}.Release-Angle|x86.ActiveCfg = Release|Win32
		{534FD078-4571-4BA7-99BD-0A105FE558B0}.Release-Angle|x86.Build.0 = Release|Win32
		{534FD078-4571-4BA7-99BD-0A105FE558B0}.Release-ATI|x64.ActiveCfg = Release|x64
		{534FD078-4571-4BA7-99BD-0A105FE558B0}.Release-ATI|x64.Build.0 = Release|x64
		{534FD078-4571-4BA7-99BD-0A105FE558B0}.Release-ATI|x86.ActiveCfg = Release|Win32
		{534FD078-4571-4BA7-99BD-0A105FE558B0}.Release-ATI|x86.Build.0 = Release|Win32
		{534FD078-4571-4BA7-99BD-0A105FE558B0}.Release-Nvidia|x64.ActiveCfg = Release|x64
		{534FD078-4571-4BA7-99BD-0A105FE558B0}.Release-Nvidia|x64.Build.0 = Release|x64
		{534FD078-4571-4BA7-99BD-0A105FE558B0}.Release-Nvidia|x86.ActiveCfg = Release|Win32
		{534FD078-4571-4BA7-99BD-0A105FE558B0}.Release-Nvidia|x86.Build.0 = Release|Win32
		{FC024EC8-32F4-4657-A2CB-14D2B3A931F8}.Debug|x64.ActiveCfg = Debug-Angle|Win32
		{FC024EC8-32F4-4657-A2CB-14D2B3A931F8}.Debug|x64.Build.0 = Debug-Angle|Win32
		{FC024EC8-32F4-4657-A2CB-14D2B3A931F8}.Debug|x86.ActiveCfg = Debug-Angle|Win32
		{FC024EC8-32F4-4657-A2CB-14D2B3A931F8}.Debug|x86.Build.0 = Debug-Angle|Win32
		{FC024EC8-32F4-4657-A2CB-14D2B3A931F8}.Debug-AMD|x64.ActiveCfg = Debug-AMD|Win32
		{FC024EC8-32F4-4657-A2CB-14D2B3A931F8}.Debug-AMD|x86.ActiveCfg = Debug-AMD|Win32
		{FC024EC8-32F4-4657-A2CB-14D2B3A931F8}.Debug-AMD|x86.Build.0 = Debug-AMD|Win32
		{FC024EC8-32F4-4657-A2CB-14D2B3A931F8}.Debug-Angle|x64.ActiveCfg = Debug-Angle|Win32
		{FC024EC8-32F4-4657-A2CB-14D2B3A931F8}.Debug-Angle|x86.ActiveCfg = Debug-Angle|Win32
		{FC024EC8-32F4-4657-A2CB-14D2B3A931F8}.Debug-Angle|x86.Build.0 = Debug-Angle|Win32
		{FC024EC8-32F4-4657-A2CB-14D2B3A931F8}.Debug-ATI|x64.ActiveCfg = Debug-ATI|Win32
		{FC024EC8-32F4-4657-A2CB-14D2B3A931F8}.Debug-ATI|x86.ActiveCfg = Debug-ATI|Win32
		{FC024EC8-32F4-4657-A2CB-14D2B3A931F8}.Debug-ATI|x86.Build.0 = Debug-ATI|Win32
		{FC024EC8-32F4-4657-A2CB-14D2B3A931F8}.Debug-Nvidia|x64.ActiveCfg = Debug-Nvidia|Win32
		{FC024EC8-32F4-4657-A2CB-14D2B3A931F8}.Debug-Nvidia|x86.ActiveCfg = Debug-Nvidia|Win32
		{FC024EC8-32F4-4657-A2CB-14D2B3A931F8}.Debug-Nvidia|x86.Build.0 = Debug-Nvidia|Win32
		{FC024EC8-32F4-4657-A2CB-14D2B3A931F8}.Release|x64.ActiveCfg = Debug-Angle|Win32
		{FC024EC8-32F4-4657-A2CB-14D2B3A931F8}.Release|x64.Build.0 = Debug-Angle|Win32
		{FC024EC8-32F4-4657-A2CB-14D2B3A931F8}.Release|x86.ActiveCfg = Release-ATI|Win32
		{FC024EC8-32F4-4657-A2CB-14D2B3A931F8}.Release|x86.Build.0 = Release-ATI|Win32
		{FC024EC8-32F4-4657-A2CB-14D2B3A931F8}.Release-Angle|x64.ActiveCfg = Release-Angle|Win32
		{FC024EC8-32F4-4657-A2CB-14D2B3A931F8}.Release-Angle|x86.ActiveCfg = Release-Angle|Win32
		{FC024EC8-32F4-4657-A2CB-14D2B3A931F8}.Release-Angle|x86.Build.0 = Release-Angle|Win32
		{FC024EC8-32F4-4657-A2CB-14D2B3A931F8}.Release-ATI|x64.ActiveCfg = Release-ATI|Win32
		{FC024EC8-32F4-4657-A2CB-14D2B3A931F8}.Release-ATI|x86.ActiveCfg = Release-ATI|Win32
		{FC024EC8-32F4-4657-A2CB-14D2B3A931F8}.Release-ATI|x86.Build.0 = Release-ATI|Win32
		{FC024EC8-32F4-4657-A2CB-14D2B3A931F8}.Release-Nvidia|x64.ActiveCfg = Release-Nvidia|Win32
		{FC024EC8-32F4-4657-A2CB-14D2B3A931F8}.Release-Nvidia|x86.ActiveCfg = Release-Nvidia|Win32
		{FC024EC8-32F4-4657-A2CB-14D2B3A931F8}.Release-Nvidia|x86.Build.0 = Release-Nvidia|Win32
		{0D44529E-F7DD-4454-8EAD-9AFD857F53B4}.Debug|x64.ActiveCfg = Debug-Angle|Win32
		{0D44529E-F7DD-4454-8EAD-9AFD857F53B4}.Debug|x64.Build.0 = Debug-Angle|Win32
		{0D44529E-F7DD-4454-8EAD-9AFD857F53B4}.Debug|x86.ActiveCfg = Debug-Angle|Win32
		{0D44529E-F7DD-4454-8EAD-9AFD857F53B4}.Debug|x86.Build.0 = Debug-Angle|Win32
		{0D44529E-F7DD-4454-8EAD-9AFD857F53B4}.Debug-AMD|x64.ActiveCfg = Debug-AMD|Win32
		{0D44529E-F7DD-4454-8EAD-9AFD857F53B4}.Debug-AMD|x86.ActiveCfg = Debug-AMD|Win32
		{0D44529E-F7DD-4454-8EAD-9AFD857F53B4}.Debug-AMD|x86.Build.0 = Debug-AMD|Win32
		{0D44529E-F7DD-4454-8EAD-9AFD857F53B4}.Debug-Angle|x64.ActiveCfg = Debug-Angle|Win32
		{0D44529E-F7DD-4454-8EAD-9AFD857F53B4}.Debug-Angle|x86.ActiveCfg = Debug-Angle|Win32
		{0D44529E-F7DD-4454-8EAD-9AFD857F53B4}.Debug-Angle|x86.Build.0 = Debug-Angle|Win32
		{0D44529E-F7DD-4454-8EAD-9AFD857F53B4}.Debug-ATI|x64.ActiveCfg = Debug-ATI|Win32
		{0D44529E-F7DD-4454-8EAD-9AFD857F53B4}.Debug-ATI|x86.ActiveCfg = Debug-ATI|Win32
		{0D44529E-F7DD-4454-8EAD-9AFD857F53B4}.Debug-ATI|x86.Build.0 = Debug-ATI|Win32
		{0D44529E-F7DD-4454-8EAD-9AFD857F53B4}.Debug-Nvidia|x64.ActiveCfg = Debug-Nvidia|Win32
		{0D44529E-F7DD-4454-8EAD-9AFD857F53B4}.Debug-Nvidia|x86.ActiveCfg = Debug-Nvidia|Win32
		{0D44529E-F7DD-4454-8EAD-9AFD857F53B4}.Debug-Nvidia|x86.Build.0 = Debug-Nvidia|Win32
		{0D44529E-F7DD-4454-8EAD-9AFD857F53B4}.Release|x64.ActiveCfg = Debug-Angle|Win32
		{0D44529E-F7DD-4454-8EAD-9AFD857F53B4}.Release|x64.Build.0 = Debug-Angle|Win32
		{0D44529E-F7DD-4454-8EAD-9AFD857F53B4}.Release|x86.ActiveCfg = Release-ATI|Win32
		{0D44529E-F7DD-4454-8EAD-9AFD857F53B4}.Release|x86.Build.0 = Release-ATI|Win32
		{0D44529E-F7DD-4454-8EAD-9AFD857F53B4}.Release-Angle|x64.ActiveCfg = Release-Angle|Win32
		{0D44529E-F7DD-4454-8EAD-9AFD857F53B4}.Release-Angle|x86.ActiveCfg = Release-Angle|Win32
		{0D44529E-F7DD-4454-8EAD-9AFD857F53B4}.Release-Angle|x86.Build.0 = Release-Angle|Win32
		{0D44529E-F7DD-4454-8EAD-9AFD857F53B4}.Release-ATI|x64.ActiveCfg = Release-ATI|Win32
		{0D44529E-F7DD-4454-8EAD-9AFD857F53B4}.Release-ATI|x86.ActiveCfg = Release-ATI|Win32
		{0D44529E-F7DD-4454-8EAD-9AFD857F53B4}.Release-ATI|x86.Build.0 = Release-ATI|Win32
		{0D44529E-F7DD-4454-8EAD-9AFD857F53B4}.Release-Nvidia|x64.ActiveCfg = Release-Nvidia|Win32
		{0D44529E-F7DD-4454-8EAD-9AFD857F53B4}.Release-Nvidia|x86.ActiveCfg = Release-Nvidia|Win32
		{0D44529E-F7DD-4454-8EAD-9AFD857F53B4}.Release-Nvidia|x86.Build.0 = Release-Nvidia|Win32
	EndGlobalSection
	GlobalSection(SolutionProperties) = preSolution
		HideSolutionNode = FALSE
	EndGlobalSection
	GlobalSection(NestedProjects) = preSolution
		{FC024EC8-32F4-4657-A2CB-14D2B3A931F8} = {973F2654-5CB3-48CA-A2F2-8A2E58C175F4}
		{0D44529E-F7DD-4454-8EAD-9AFD857F53B4} = {973F2654-5CB3-48CA-A2F2-8A2E58C175F4}
	EndGlobalSection
	GlobalSection(ExtensibilityGlobals) = postSolution
		SolutionGuid = {9D7098A7-F68E-4C5F-B3A3-33599B4D10F5}
	EndGlobalSection
EndGlobal
